
Microsoft Visual Studio Solution File, Format Version 12.00
# Visual Studio Version 17
VisualStudioVersion = 17.4.33213.308
MinimumVisualStudioVersion = 10.0.40219.1
Project("{FAE04EC0-301F-11D3-BF4B-00C04F79EFBC}") = "a2is.Workshop.DashboardWIP.UI", "a2is.Workshop.DashboardWIP.UI\a2is.Workshop.DashboardWIP.UI.csproj", "{EE338AE0-418B-4646-9EC0-4CDA64B04B01}"
EndProject
Global
	GlobalSection(SolutionConfigurationPlatforms) = preSolution
		Debug|Any CPU = Debug|Any CPU
		Release|Any CPU = Release|Any CPU
	EndGlobalSection
	GlobalSection(ProjectConfigurationPlatforms) = postSolution
		{EE338AE0-418B-4646-9EC0-4CDA64B04B01}.Debug|Any CPU.ActiveCfg = Debug|Any CPU
		{EE338AE0-418B-4646-9EC0-4CDA64B04B01}.Debug|Any CPU.Build.0 = Debug|Any CPU
		{EE338AE0-418B-4646-9EC0-4CDA64B04B01}.Release|Any CPU.ActiveCfg = Release|Any CPU
		{EE338AE0-418B-4646-9EC0-4CDA64B04B01}.Release|Any CPU.Build.0 = Release|Any CPU
	EndGlobalSection
	GlobalSection(SolutionProperties) = preSolution
		HideSolutionNode = FALSE
	EndGlobalSection
	GlobalSection(ExtensibilityGlobals) = postSolution
		SolutionGuid = {A744D205-CB2D-4556-A437-D41D3701181A}
	EndGlobalSection
EndGlobal
